// !$*UTF8*$!
{
	archiveVersion = 1;
	classes = {
	};
	objectVersion = 45;
	objects = {

/* Begin PBXBuildFile section */
		5C0090BA22900C0200C65C52 /* JobDetailViewController.swift in Sources */ = {isa = PBXBuildFile; fileRef = 5C0090B922900C0200C65C52 /* JobDetailViewController.swift */; };
		5C06BCA122B04D9500DB0578 /* UIRoundedCornersButton.swift in Sources */ = {isa = PBXBuildFile; fileRef = 5C06BCA022B04D9500DB0578 /* UIRoundedCornersButton.swift */; };
		5C1062612274AF0B00D8ECB7 /* AppDelegate.swift in Sources */ = {isa = PBXBuildFile; fileRef = 5C1062602274AF0B00D8ECB7 /* AppDelegate.swift */; };
		5C1062632274AF0B00D8ECB7 /* JobViewController.swift in Sources */ = {isa = PBXBuildFile; fileRef = 5C1062622274AF0B00D8ECB7 /* JobViewController.swift */; };
		5C1062682274AF0B00D8ECB7 /* Main.storyboard in Resources */ = {isa = PBXBuildFile; fileRef = 5C1062662274AF0B00D8ECB7 /* Main.storyboard */; };
		5C10626A2274AF0D00D8ECB7 /* Assets.xcassets in Resources */ = {isa = PBXBuildFile; fileRef = 5C1062692274AF0D00D8ECB7 /* Assets.xcassets */; };
		5C10626D2274AF0D00D8ECB7 /* LaunchScreen.storyboard in Resources */ = {isa = PBXBuildFile; fileRef = 5C10626B2274AF0D00D8ECB7 /* LaunchScreen.storyboard */; };
		5C1062752274ECF300D8ECB7 /* InvoiceViewController.swift in Sources */ = {isa = PBXBuildFile; fileRef = 5C1062742274ECF300D8ECB7 /* InvoiceViewController.swift */; };
		5C396BDE2291CF0B000B7E0B /* SnapsViewController.swift in Sources */ = {isa = PBXBuildFile; fileRef = 5C396BDD2291CF0B000B7E0B /* SnapsViewController.swift */; };
		5C396BE02291CF35000B7E0B /* SnapCollectionViewCell.swift in Sources */ = {isa = PBXBuildFile; fileRef = 5C396BDF2291CF35000B7E0B /* SnapCollectionViewCell.swift */; };
		5C396BE22291DA7D000B7E0B /* SnapCellDataSource.swift in Sources */ = {isa = PBXBuildFile; fileRef = 5C396BE12291DA7D000B7E0B /* SnapCellDataSource.swift */; };
		5C396BE42291E3BC000B7E0B /* InvoiceResponse.swift in Sources */ = {isa = PBXBuildFile; fileRef = 5C396BE32291E3BC000B7E0B /* InvoiceResponse.swift */; };
		5C396BE62291E3F3000B7E0B /* InvoiceEntry.swift in Sources */ = {isa = PBXBuildFile; fileRef = 5C396BE52291E3F3000B7E0B /* InvoiceEntry.swift */; };
		5C5349B522B1A23D00D2A238 /* CreateReceiptTableViewController.swift in Sources */ = {isa = PBXBuildFile; fileRef = 5C5349B422B1A23D00D2A238 /* CreateReceiptTableViewController.swift */; };
		5C57554D228978DB0047DDEC /* LoginRequest.swift in Sources */ = {isa = PBXBuildFile; fileRef = 5C57554C228978DB0047DDEC /* LoginRequest.swift */; };
		5C575561228979D60047DDEC /* LoginResponse.swift in Sources */ = {isa = PBXBuildFile; fileRef = 5C57555C228979D50047DDEC /* LoginResponse.swift */; };
		5C575562228979D60047DDEC /* LoginSuccess.swift in Sources */ = {isa = PBXBuildFile; fileRef = 5C57555D228979D50047DDEC /* LoginSuccess.swift */; };
		5C575563228979D60047DDEC /* JobResponse.swift in Sources */ = {isa = PBXBuildFile; fileRef = 5C57555E228979D60047DDEC /* JobResponse.swift */; };
		5C575564228979D60047DDEC /* TripStop.swift in Sources */ = {isa = PBXBuildFile; fileRef = 5C57555F228979D60047DDEC /* TripStop.swift */; };
		5C575565228979D60047DDEC /* JobTrip.swift in Sources */ = {isa = PBXBuildFile; fileRef = 5C575560228979D60047DDEC /* JobTrip.swift */; };
		5C575567228984470047DDEC /* JobTableViewCell.swift in Sources */ = {isa = PBXBuildFile; fileRef = 5C575566228984470047DDEC /* JobTableViewCell.swift */; };
		5C57556A228989740047DDEC /* JobCellDataSource.swift in Sources */ = {isa = PBXBuildFile; fileRef = 5C575569228989740047DDEC /* JobCellDataSource.swift */; };
		5C5C1778229AA93B0055A0CC /* Kingfisher.framework in Frameworks */ = {isa = PBXBuildFile; fileRef = 5C5C1777229AA93B0055A0CC /* Kingfisher.framework */; };
		5C5C177B229AE1EE0055A0CC /* SnapsResponse.swift in Sources */ = {isa = PBXBuildFile; fileRef = 5C5C177A229AE1EE0055A0CC /* SnapsResponse.swift */; };
		5C5C177D229AE2120055A0CC /* SnapsSuccess.swift in Sources */ = {isa = PBXBuildFile; fileRef = 5C5C177C229AE2120055A0CC /* SnapsSuccess.swift */; };
		5C5C177F229B48D90055A0CC /* StatusResponse.swift in Sources */ = {isa = PBXBuildFile; fileRef = 5C5C177E229B48D90055A0CC /* StatusResponse.swift */; };
		5C81A9AC2279C510007A1282 /* MainViewController.swift in Sources */ = {isa = PBXBuildFile; fileRef = 5C81A9AB2279C510007A1282 /* MainViewController.swift */; };
		5C82D38722AF04A3004C7682 /* JobStatusRequest.swift in Sources */ = {isa = PBXBuildFile; fileRef = 5C82D38622AF04A3004C7682 /* JobStatusRequest.swift */; };
		5CB640682280C9D300CE37FF /* LoginViewController.swift in Sources */ = {isa = PBXBuildFile; fileRef = 5CB640672280C9D300CE37FF /* LoginViewController.swift */; };
		5CC9AAF022A572B600C1F262 /* NohanaImagePicker.framework in Frameworks */ = {isa = PBXBuildFile; fileRef = 5CC9AAEF22A572B600C1F262 /* NohanaImagePicker.framework */; };
		5CCDB5C32275D4710070E633 /* Cartfile in Resources */ = {isa = PBXBuildFile; fileRef = 5CCDB5C22275D4710070E633 /* Cartfile */; };
		5CCDB5C92275F34F0070E633 /* GoogleMaps.framework in Frameworks */ = {isa = PBXBuildFile; fileRef = 5CCDB5C82275F34F0070E633 /* GoogleMaps.framework */; };
		5CCDB5CE2275F3CF0070E633 /* GoogleMapsCore.framework in Frameworks */ = {isa = PBXBuildFile; fileRef = 5CCDB5CA2275F3CF0070E633 /* GoogleMapsCore.framework */; };
		5CCDB5CF2275F3CF0070E633 /* GoogleMapsBase.framework in Frameworks */ = {isa = PBXBuildFile; fileRef = 5CCDB5CB2275F3CF0070E633 /* GoogleMapsBase.framework */; };
		5CCDB5D322762BFE0070E633 /* .gitignore in Resources */ = {isa = PBXBuildFile; fileRef = 5CCDB5D222762BFE0070E633 /* .gitignore */; };
		5CE0B4C922A425CF00A532E6 /* MapViewController.swift in Sources */ = {isa = PBXBuildFile; fileRef = 5CE0B4C822A425CF00A532E6 /* MapViewController.swift */; };
		5CE0B4CC22A446AC00A532E6 /* CarDetailTableViewController.swift in Sources */ = {isa = PBXBuildFile; fileRef = 5CE0B4CB22A446AC00A532E6 /* CarDetailTableViewController.swift */; };
		5CE5D5A722B43DF4002005E7 /* FirebaseCore.framework in Frameworks */ = {isa = PBXBuildFile; fileRef = 5CE5D59A22B43D2A002005E7 /* FirebaseCore.framework */; };
		5CE5D5A922B43DF4002005E7 /* FirebaseInstanceID.framework in Frameworks */ = {isa = PBXBuildFile; fileRef = 5CE5D59722B43D29002005E7 /* FirebaseInstanceID.framework */; };
		5CE5D5AA22B43DF4002005E7 /* FirebaseMessaging.framework in Frameworks */ = {isa = PBXBuildFile; fileRef = 5CE5D59822B43D2A002005E7 /* FirebaseMessaging.framework */; };
		5CE5D5AF22B44163002005E7 /* Firebase.framework in Frameworks */ = {isa = PBXBuildFile; fileRef = 5CE5D59922B43D2A002005E7 /* Firebase.framework */; };
		5CE5D5B222B44191002005E7 /* Protobuf.framework in Frameworks */ = {isa = PBXBuildFile; fileRef = 5CE5D5B022B44190002005E7 /* Protobuf.framework */; };
		5CE5D5B322B44191002005E7 /* GoogleUtilities.framework in Frameworks */ = {isa = PBXBuildFile; fileRef = 5CE5D5B122B44190002005E7 /* GoogleUtilities.framework */; };
		5CE5D5B722B445D3002005E7 /* GoogleService-Info.plist in Resources */ = {isa = PBXBuildFile; fileRef = 5CE5D5B622B445D3002005E7 /* GoogleService-Info.plist */; };
/* End PBXBuildFile section */

/* Begin PBXFileReference section */
		5C0090B922900C0200C65C52 /* JobDetailViewController.swift */ = {isa = PBXFileReference; fileEncoding = 4; lastKnownFileType = sourcecode.swift; path = JobDetailViewController.swift; sourceTree = "<group>"; };
		5C06BCA022B04D9500DB0578 /* UIRoundedCornersButton.swift */ = {isa = PBXFileReference; lastKnownFileType = sourcecode.swift; path = UIRoundedCornersButton.swift; sourceTree = "<group>"; };
		5C10625D2274AF0B00D8ECB7 /* Rent24.app */ = {isa = PBXFileReference; explicitFileType = wrapper.application; includeInIndex = 0; path = Rent24.app; sourceTree = BUILT_PRODUCTS_DIR; };
		5C1062602274AF0B00D8ECB7 /* AppDelegate.swift */ = {isa = PBXFileReference; lastKnownFileType = sourcecode.swift; path = AppDelegate.swift; sourceTree = "<group>"; };
		5C1062622274AF0B00D8ECB7 /* JobViewController.swift */ = {isa = PBXFileReference; lastKnownFileType = sourcecode.swift; path = JobViewController.swift; sourceTree = "<group>"; };
		5C1062672274AF0B00D8ECB7 /* Base */ = {isa = PBXFileReference; lastKnownFileType = file.storyboard; name = Base; path = Base.lproj/Main.storyboard; sourceTree = "<group>"; };
		5C1062692274AF0D00D8ECB7 /* Assets.xcassets */ = {isa = PBXFileReference; lastKnownFileType = folder.assetcatalog; path = Assets.xcassets; sourceTree = "<group>"; };
		5C10626C2274AF0D00D8ECB7 /* Base */ = {isa = PBXFileReference; lastKnownFileType = file.storyboard; name = Base; path = Base.lproj/LaunchScreen.storyboard; sourceTree = "<group>"; };
		5C10626E2274AF0D00D8ECB7 /* Info.plist */ = {isa = PBXFileReference; lastKnownFileType = text.plist.xml; path = Info.plist; sourceTree = "<group>"; };
		5C1062742274ECF300D8ECB7 /* InvoiceViewController.swift */ = {isa = PBXFileReference; lastKnownFileType = sourcecode.swift; name = InvoiceViewController.swift; path = Invoice/InvoiceViewController.swift; sourceTree = "<group>"; };
		5C396BDD2291CF0B000B7E0B /* SnapsViewController.swift */ = {isa = PBXFileReference; fileEncoding = 4; lastKnownFileType = sourcecode.swift; name = SnapsViewController.swift; path = Rent24/SnapsViewController.swift; sourceTree = SOURCE_ROOT; };
		5C396BDF2291CF35000B7E0B /* SnapCollectionViewCell.swift */ = {isa = PBXFileReference; lastKnownFileType = sourcecode.swift; path = SnapCollectionViewCell.swift; sourceTree = "<group>"; };
		5C396BE12291DA7D000B7E0B /* SnapCellDataSource.swift */ = {isa = PBXFileReference; lastKnownFileType = sourcecode.swift; path = SnapCellDataSource.swift; sourceTree = "<group>"; };
		5C396BE32291E3BC000B7E0B /* InvoiceResponse.swift */ = {isa = PBXFileReference; lastKnownFileType = sourcecode.swift; path = InvoiceResponse.swift; sourceTree = "<group>"; };
		5C396BE52291E3F3000B7E0B /* InvoiceEntry.swift */ = {isa = PBXFileReference; lastKnownFileType = sourcecode.swift; path = InvoiceEntry.swift; sourceTree = "<group>"; };
		5C5349B422B1A23D00D2A238 /* CreateReceiptTableViewController.swift */ = {isa = PBXFileReference; lastKnownFileType = sourcecode.swift; path = CreateReceiptTableViewController.swift; sourceTree = "<group>"; };
		5C57554C228978DB0047DDEC /* LoginRequest.swift */ = {isa = PBXFileReference; fileEncoding = 4; lastKnownFileType = sourcecode.swift; name = LoginRequest.swift; path = Rent24/LoginRequest.swift; sourceTree = SOURCE_ROOT; };
		5C57555C228979D50047DDEC /* LoginResponse.swift */ = {isa = PBXFileReference; fileEncoding = 4; lastKnownFileType = sourcecode.swift; path = LoginResponse.swift; sourceTree = "<group>"; };
		5C57555D228979D50047DDEC /* LoginSuccess.swift */ = {isa = PBXFileReference; fileEncoding = 4; lastKnownFileType = sourcecode.swift; path = LoginSuccess.swift; sourceTree = "<group>"; };
		5C57555E228979D60047DDEC /* JobResponse.swift */ = {isa = PBXFileReference; fileEncoding = 4; lastKnownFileType = sourcecode.swift; path = JobResponse.swift; sourceTree = "<group>"; };
		5C57555F228979D60047DDEC /* TripStop.swift */ = {isa = PBXFileReference; fileEncoding = 4; lastKnownFileType = sourcecode.swift; path = TripStop.swift; sourceTree = "<group>"; };
		5C575560228979D60047DDEC /* JobTrip.swift */ = {isa = PBXFileReference; fileEncoding = 4; lastKnownFileType = sourcecode.swift; path = JobTrip.swift; sourceTree = "<group>"; };
		5C575566228984470047DDEC /* JobTableViewCell.swift */ = {isa = PBXFileReference; lastKnownFileType = sourcecode.swift; name = JobTableViewCell.swift; path = /Users/aahmed/Documents/rent24/Rent24/Rent24/JobTableViewCell.swift; sourceTree = "<absolute>"; };
		5C575569228989740047DDEC /* JobCellDataSource.swift */ = {isa = PBXFileReference; lastKnownFileType = sourcecode.swift; name = JobCellDataSource.swift; path = /Users/aahmed/Documents/rent24/Rent24/Rent24/Job/JobCellDataSource.swift; sourceTree = "<absolute>"; };
		5C5C1777229AA93B0055A0CC /* Kingfisher.framework */ = {isa = PBXFileReference; lastKnownFileType = wrapper.framework; name = Kingfisher.framework; path = Carthage/Build/iOS/Kingfisher.framework; sourceTree = "<group>"; };
		5C5C177A229AE1EE0055A0CC /* SnapsResponse.swift */ = {isa = PBXFileReference; lastKnownFileType = sourcecode.swift; path = SnapsResponse.swift; sourceTree = "<group>"; };
		5C5C177C229AE2120055A0CC /* SnapsSuccess.swift */ = {isa = PBXFileReference; lastKnownFileType = sourcecode.swift; path = SnapsSuccess.swift; sourceTree = "<group>"; };
		5C5C177E229B48D90055A0CC /* StatusResponse.swift */ = {isa = PBXFileReference; lastKnownFileType = sourcecode.swift; path = StatusResponse.swift; sourceTree = "<group>"; };
		5C81A9AB2279C510007A1282 /* MainViewController.swift */ = {isa = PBXFileReference; lastKnownFileType = sourcecode.swift; path = MainViewController.swift; sourceTree = "<group>"; };
		5C82D38622AF04A3004C7682 /* JobStatusRequest.swift */ = {isa = PBXFileReference; lastKnownFileType = sourcecode.swift; name = JobStatusRequest.swift; path = Rent24/JobStatusRequest.swift; sourceTree = SOURCE_ROOT; };
		5CB640672280C9D300CE37FF /* LoginViewController.swift */ = {isa = PBXFileReference; lastKnownFileType = sourcecode.swift; name = LoginViewController.swift; path = Login/LoginViewController.swift; sourceTree = "<group>"; };
		5CC9AAEF22A572B600C1F262 /* NohanaImagePicker.framework */ = {isa = PBXFileReference; lastKnownFileType = wrapper.framework; name = NohanaImagePicker.framework; path = Carthage/Build/iOS/NohanaImagePicker.framework; sourceTree = "<group>"; };
		5CCDB5C22275D4710070E633 /* Cartfile */ = {isa = PBXFileReference; lastKnownFileType = text; path = Cartfile; sourceTree = "<group>"; };
		5CCDB5C62275F3350070E633 /* .GoogleMaps-Carthage.version */ = {isa = PBXFileReference; lastKnownFileType = text; name = ".GoogleMaps-Carthage.version"; path = "Carthage/Build/.GoogleMaps-Carthage.version"; sourceTree = "<group>"; };
		5CCDB5C82275F34F0070E633 /* GoogleMaps.framework */ = {isa = PBXFileReference; lastKnownFileType = wrapper.framework; name = GoogleMaps.framework; path = Carthage/Build/iOS/GoogleMaps.framework; sourceTree = "<group>"; };
		5CCDB5CA2275F3CF0070E633 /* GoogleMapsCore.framework */ = {isa = PBXFileReference; lastKnownFileType = wrapper.framework; name = GoogleMapsCore.framework; path = Carthage/Build/iOS/GoogleMapsCore.framework; sourceTree = "<group>"; };
		5CCDB5CB2275F3CF0070E633 /* GoogleMapsBase.framework */ = {isa = PBXFileReference; lastKnownFileType = wrapper.framework; name = GoogleMapsBase.framework; path = Carthage/Build/iOS/GoogleMapsBase.framework; sourceTree = "<group>"; };
		5CCDB5CC2275F3CF0070E633 /* GoogleMapsM4B.framework */ = {isa = PBXFileReference; lastKnownFileType = wrapper.framework; name = GoogleMapsM4B.framework; path = Carthage/Build/iOS/GoogleMapsM4B.framework; sourceTree = "<group>"; };
		5CCDB5CD2275F3CF0070E633 /* GooglePlaces.framework */ = {isa = PBXFileReference; lastKnownFileType = wrapper.framework; name = GooglePlaces.framework; path = Carthage/Build/iOS/GooglePlaces.framework; sourceTree = "<group>"; };
		5CCDB5D222762BFE0070E633 /* .gitignore */ = {isa = PBXFileReference; lastKnownFileType = text; path = .gitignore; sourceTree = "<group>"; };
		5CE0B4C622A4254400A532E6 /* TLPhotoPicker.framework */ = {isa = PBXFileReference; lastKnownFileType = wrapper.framework; name = TLPhotoPicker.framework; path = Carthage/Build/iOS/TLPhotoPicker.framework; sourceTree = "<group>"; };
		5CE0B4C822A425CF00A532E6 /* MapViewController.swift */ = {isa = PBXFileReference; fileEncoding = 4; lastKnownFileType = sourcecode.swift; path = MapViewController.swift; sourceTree = "<group>"; };
		5CE0B4CB22A446AC00A532E6 /* CarDetailTableViewController.swift */ = {isa = PBXFileReference; lastKnownFileType = sourcecode.swift; path = CarDetailTableViewController.swift; sourceTree = "<group>"; };
		5CE5D59422B43CE3002005E7 /* libc++.tbd */ = {isa = PBXFileReference; lastKnownFileType = "sourcecode.text-based-dylib-definition"; name = "libc++.tbd"; path = "usr/lib/libc++.tbd"; sourceTree = SDKROOT; };
		5CE5D59622B43D29002005E7 /* FirebaseCoreDiagnostics.framework */ = {isa = PBXFileReference; lastKnownFileType = wrapper.framework; path = FirebaseCoreDiagnostics.framework; sourceTree = "<group>"; };
		5CE5D59722B43D29002005E7 /* FirebaseInstanceID.framework */ = {isa = PBXFileReference; lastKnownFileType = wrapper.framework; path = FirebaseInstanceID.framework; sourceTree = "<group>"; };
		5CE5D59822B43D2A002005E7 /* FirebaseMessaging.framework */ = {isa = PBXFileReference; lastKnownFileType = wrapper.framework; path = FirebaseMessaging.framework; sourceTree = "<group>"; };
		5CE5D59922B43D2A002005E7 /* Firebase.framework */ = {isa = PBXFileReference; lastKnownFileType = wrapper.framework; path = Firebase.framework; sourceTree = "<group>"; };
		5CE5D59A22B43D2A002005E7 /* FirebaseCore.framework */ = {isa = PBXFileReference; lastKnownFileType = wrapper.framework; path = FirebaseCore.framework; sourceTree = "<group>"; };
		5CE5D59B22B43D2A002005E7 /* FIRAnalyticsConnector.framework */ = {isa = PBXFileReference; lastKnownFileType = wrapper.framework; path = FIRAnalyticsConnector.framework; sourceTree = "<group>"; };
		5CE5D59C22B43D2A002005E7 /* FirebaseAnalytics.framework */ = {isa = PBXFileReference; lastKnownFileType = wrapper.framework; path = FirebaseAnalytics.framework; sourceTree = "<group>"; };
		5CE5D5AC22B43E53002005E7 /* libsqlite3.tbd */ = {isa = PBXFileReference; lastKnownFileType = "sourcecode.text-based-dylib-definition"; name = libsqlite3.tbd; path = usr/lib/libsqlite3.tbd; sourceTree = SDKROOT; };
		5CE5D5B022B44190002005E7 /* Protobuf.framework */ = {isa = PBXFileReference; lastKnownFileType = wrapper.framework; name = Protobuf.framework; path = Carthage/Build/iOS/Protobuf.framework; sourceTree = "<group>"; };
		5CE5D5B122B44190002005E7 /* GoogleUtilities.framework */ = {isa = PBXFileReference; lastKnownFileType = wrapper.framework; name = GoogleUtilities.framework; path = Carthage/Build/iOS/GoogleUtilities.framework; sourceTree = "<group>"; };
		5CE5D5B622B445D3002005E7 /* GoogleService-Info.plist */ = {isa = PBXFileReference; fileEncoding = 4; lastKnownFileType = text.plist.xml; path = "GoogleService-Info.plist"; sourceTree = "<group>"; };
		5CF4248522A2D258008F3538 /* DKCamera.framework */ = {isa = PBXFileReference; lastKnownFileType = wrapper.framework; name = DKCamera.framework; path = Carthage/Build/iOS/DKCamera.framework; sourceTree = "<group>"; };
		5CF4248722A2D4D7008F3538 /* SDWebImage.framework */ = {isa = PBXFileReference; lastKnownFileType = wrapper.framework; name = SDWebImage.framework; path = Carthage/Build/iOS/SDWebImage.framework; sourceTree = "<group>"; };
/* End PBXFileReference section */

/* Begin PBXFrameworksBuildPhase section */
		5C10625A2274AF0B00D8ECB7 /* Frameworks */ = {
			isa = PBXFrameworksBuildPhase;
			buildActionMask = 2147483647;
			files = (
				5CE5D5B222B44191002005E7 /* Protobuf.framework in Frameworks */,
				5CE5D5B322B44191002005E7 /* GoogleUtilities.framework in Frameworks */,
				5CE5D5AF22B44163002005E7 /* Firebase.framework in Frameworks */,
				5CE5D5A722B43DF4002005E7 /* FirebaseCore.framework in Frameworks */,
				5CE5D5A922B43DF4002005E7 /* FirebaseInstanceID.framework in Frameworks */,
				5CE5D5AA22B43DF4002005E7 /* FirebaseMessaging.framework in Frameworks */,
				5CC9AAF022A572B600C1F262 /* NohanaImagePicker.framework in Frameworks */,
				5C5C1778229AA93B0055A0CC /* Kingfisher.framework in Frameworks */,
				5CCDB5C92275F34F0070E633 /* GoogleMaps.framework in Frameworks */,
				5CCDB5CE2275F3CF0070E633 /* GoogleMapsCore.framework in Frameworks */,
				5CCDB5CF2275F3CF0070E633 /* GoogleMapsBase.framework in Frameworks */,
			);
			runOnlyForDeploymentPostprocessing = 0;
		};
/* End PBXFrameworksBuildPhase section */

/* Begin PBXGroup section */
		5C1062542274AF0A00D8ECB7 = {
			isa = PBXGroup;
			children = (
				5CCDB5D222762BFE0070E633 /* .gitignore */,
				5CCDB5C22275D4710070E633 /* Cartfile */,
				5C10625F2274AF0B00D8ECB7 /* Rent24 */,
				5C10625E2274AF0B00D8ECB7 /* Products */,
				5CCDB5C52275F3350070E633 /* Frameworks */,
			);
			sourceTree = "<group>";
		};
		5C10625E2274AF0B00D8ECB7 /* Products */ = {
			isa = PBXGroup;
			children = (
				5C10625D2274AF0B00D8ECB7 /* Rent24.app */,
			);
			name = Products;
			sourceTree = "<group>";
		};
		5C10625F2274AF0B00D8ECB7 /* Rent24 */ = {
			isa = PBXGroup;
			children = (
				5CE5D5B622B445D3002005E7 /* GoogleService-Info.plist */,
				5CE0B4CA22A425E100A532E6 /* Map */,
				5C396BDC2291CEC7000B7E0B /* Snap */,
				5C5755682289845C0047DDEC /* Job */,
				5C1062602274AF0B00D8ECB7 /* AppDelegate.swift */,
				5C1062662274AF0B00D8ECB7 /* Main.storyboard */,
				5CB640672280C9D300CE37FF /* LoginViewController.swift */,
				5CF88CD0228975EC005692C3 /* ResponseStruct */,
				5C81A9AB2279C510007A1282 /* MainViewController.swift */,
				5C1062742274ECF300D8ECB7 /* InvoiceViewController.swift */,
				5C1062692274AF0D00D8ECB7 /* Assets.xcassets */,
				5C10626B2274AF0D00D8ECB7 /* LaunchScreen.storyboard */,
				5C10626E2274AF0D00D8ECB7 /* Info.plist */,
				5CF88CD1228976A7005692C3 /* Request */,
				5C8F5EF622B055CD00D38A5C /* New Group1 */,
			);
			path = Rent24;
			sourceTree = "<group>";
		};
		5C396BDC2291CEC7000B7E0B /* Snap */ = {
			isa = PBXGroup;
			children = (
				5C396BDD2291CF0B000B7E0B /* SnapsViewController.swift */,
				5C396BDF2291CF35000B7E0B /* SnapCollectionViewCell.swift */,
				5C396BE12291DA7D000B7E0B /* SnapCellDataSource.swift */,
				5C5349B422B1A23D00D2A238 /* CreateReceiptTableViewController.swift */,
			);
			path = Snap;
			sourceTree = "<group>";
		};
		5C5755682289845C0047DDEC /* Job */ = {
			isa = PBXGroup;
			children = (
				5C0090B922900C0200C65C52 /* JobDetailViewController.swift */,
				5C575569228989740047DDEC /* JobCellDataSource.swift */,
				5C575566228984470047DDEC /* JobTableViewCell.swift */,
				5C1062622274AF0B00D8ECB7 /* JobViewController.swift */,
			);
			path = Job;
			sourceTree = "<group>";
		};
		5C8F5EF622B055CD00D38A5C /* New Group1 */ = {
			isa = PBXGroup;
			children = (
				5C06BCA022B04D9500DB0578 /* UIRoundedCornersButton.swift */,
			);
			path = "New Group1";
			sourceTree = "<group>";
		};
		5CCDB5C52275F3350070E633 /* Frameworks */ = {
			isa = PBXGroup;
			children = (
				5CE5D5B122B44190002005E7 /* GoogleUtilities.framework */,
				5CE5D5B022B44190002005E7 /* Protobuf.framework */,
				5CE5D5AC22B43E53002005E7 /* libsqlite3.tbd */,
				5CE5D59B22B43D2A002005E7 /* FIRAnalyticsConnector.framework */,
				5CE5D59922B43D2A002005E7 /* Firebase.framework */,
				5CE5D59C22B43D2A002005E7 /* FirebaseAnalytics.framework */,
				5CE5D59A22B43D2A002005E7 /* FirebaseCore.framework */,
				5CE5D59622B43D29002005E7 /* FirebaseCoreDiagnostics.framework */,
				5CE5D59722B43D29002005E7 /* FirebaseInstanceID.framework */,
				5CE5D59822B43D2A002005E7 /* FirebaseMessaging.framework */,
				5CE5D59422B43CE3002005E7 /* libc++.tbd */,
				5CC9AAEF22A572B600C1F262 /* NohanaImagePicker.framework */,
				5CE0B4C622A4254400A532E6 /* TLPhotoPicker.framework */,
				5CF4248722A2D4D7008F3538 /* SDWebImage.framework */,
				5CF4248522A2D258008F3538 /* DKCamera.framework */,
				5C5C1777229AA93B0055A0CC /* Kingfisher.framework */,
				5CCDB5CB2275F3CF0070E633 /* GoogleMapsBase.framework */,
				5CCDB5CA2275F3CF0070E633 /* GoogleMapsCore.framework */,
				5CCDB5CC2275F3CF0070E633 /* GoogleMapsM4B.framework */,
				5CCDB5CD2275F3CF0070E633 /* GooglePlaces.framework */,
				5CCDB5C82275F34F0070E633 /* GoogleMaps.framework */,
				5CCDB5C62275F3350070E633 /* .GoogleMaps-Carthage.version */,
			);
			name = Frameworks;
			sourceTree = "<group>";
		};
		5CE0B4CA22A425E100A532E6 /* Map */ = {
			isa = PBXGroup;
			children = (
				5CE0B4C822A425CF00A532E6 /* MapViewController.swift */,
				5CE0B4CB22A446AC00A532E6 /* CarDetailTableViewController.swift */,
			);
			path = Map;
			sourceTree = "<group>";
		};
		5CF88CD0228975EC005692C3 /* ResponseStruct */ = {
			isa = PBXGroup;
			children = (
				5C57555E228979D60047DDEC /* JobResponse.swift */,
				5C575560228979D60047DDEC /* JobTrip.swift */,
				5C57555C228979D50047DDEC /* LoginResponse.swift */,
				5C57555D228979D50047DDEC /* LoginSuccess.swift */,
				5C57555F228979D60047DDEC /* TripStop.swift */,
				5C396BE32291E3BC000B7E0B /* InvoiceResponse.swift */,
				5C396BE52291E3F3000B7E0B /* InvoiceEntry.swift */,
				5C5C177A229AE1EE0055A0CC /* SnapsResponse.swift */,
				5C5C177C229AE2120055A0CC /* SnapsSuccess.swift */,
				5C5C177E229B48D90055A0CC /* StatusResponse.swift */,
			);
			path = ResponseStruct;
			sourceTree = "<group>";
		};
		5CF88CD1228976A7005692C3 /* Request */ = {
			isa = PBXGroup;
			children = (
				5C57554C228978DB0047DDEC /* LoginRequest.swift */,
				5C82D38622AF04A3004C7682 /* JobStatusRequest.swift */,
			);
			path = Request;
			sourceTree = "<group>";
		};
/* End PBXGroup section */

/* Begin PBXNativeTarget section */
		5C10625C2274AF0B00D8ECB7 /* Rent24 */ = {
			isa = PBXNativeTarget;
			buildConfigurationList = 5C1062712274AF0D00D8ECB7 /* Build configuration list for PBXNativeTarget "Rent24" */;
			buildPhases = (
				5C1062592274AF0B00D8ECB7 /* Sources */,
				5C10625A2274AF0B00D8ECB7 /* Frameworks */,
				5C10625B2274AF0B00D8ECB7 /* Resources */,
				5CCDB5C42275F06F0070E633 /* Run Script */,
			);
			buildRules = (
			);
			dependencies = (
			);
			name = Rent24;
			productName = Rent24;
			productReference = 5C10625D2274AF0B00D8ECB7 /* Rent24.app */;
			productType = "com.apple.product-type.application";
		};
/* End PBXNativeTarget section */

/* Begin PBXProject section */
		5C1062552274AF0A00D8ECB7 /* Project object */ = {
			isa = PBXProject;
			attributes = {
				LastSwiftUpdateCheck = 1020;
				LastUpgradeCheck = 1020;
				ORGANIZATIONNAME = "Ateeb Ahmed";
				TargetAttributes = {
					5C10625C2274AF0B00D8ECB7 = {
						CreatedOnToolsVersion = 10.2.1;
						LastSwiftMigration = 1020;
						SystemCapabilities = {
							com.apple.BackgroundModes = {
								enabled = 1;
							};
						};
					};
				};
			};
			buildConfigurationList = 5C1062582274AF0A00D8ECB7 /* Build configuration list for PBXProject "Rent24" */;
			compatibilityVersion = "Xcode 3.1";
			developmentRegion = en;
			hasScannedForEncodings = 0;
			knownRegions = (
				en,
				Base,
			);
			mainGroup = 5C1062542274AF0A00D8ECB7;
			productRefGroup = 5C10625E2274AF0B00D8ECB7 /* Products */;
			projectDirPath = "";
			projectRoot = "";
			targets = (
				5C10625C2274AF0B00D8ECB7 /* Rent24 */,
			);
		};
/* End PBXProject section */

/* Begin PBXResourcesBuildPhase section */
		5C10625B2274AF0B00D8ECB7 /* Resources */ = {
			isa = PBXResourcesBuildPhase;
			buildActionMask = 2147483647;
			files = (
				5CCDB5D322762BFE0070E633 /* .gitignore in Resources */,
				5C10626D2274AF0D00D8ECB7 /* LaunchScreen.storyboard in Resources */,
				5C10626A2274AF0D00D8ECB7 /* Assets.xcassets in Resources */,
				5CCDB5C32275D4710070E633 /* Cartfile in Resources */,
				5C1062682274AF0B00D8ECB7 /* Main.storyboard in Resources */,
				5CE5D5B722B445D3002005E7 /* GoogleService-Info.plist in Resources */,
			);
			runOnlyForDeploymentPostprocessing = 0;
		};
/* End PBXResourcesBuildPhase section */

/* Begin PBXShellScriptBuildPhase section */
		5CCDB5C42275F06F0070E633 /* Run Script */ = {
			isa = PBXShellScriptBuildPhase;
			buildActionMask = 2147483647;
			files = (
			);
			inputFileListPaths = (
			);
			inputPaths = (
				"$(SRCROOT)/Carthage/Build/iOS/GoogleMaps.framework",
				"$(SRCROOT)/Carthage/Build/iOS/GoogleMapsBase.framework",
				"$(SRCROOT)/Carthage/Build/iOS/GoogleMapsCore.framework",
				"$(SRCROOT)/Carthage/Build/iOS/Kingfisher.framework",
				"$(SRCROOT)/Carthage/Build/iOS/NohanaImagePicker.framework",
			);
			name = "Run Script";
			outputFileListPaths = (
			);
			outputPaths = (
				"$(DERIVED_FILE_DIR)/Carthage/Build/iOS/GoogleMaps.framework",
				"$(DERIVED_FILE_DIR)/Carthage/Build/iOS/GoogleMapsBase.framework",
				"$(DERIVED_FILE_DIR)/Carthage/Build/iOS/GoogleMapsCore.framework",
				"$(BUILT_PRODUCTS_DIR)/$(FRAMEWORKS_FOLDER_PATH)/Kingfisher.framework",
				"$(DERIVED_FILE_DIR)/Carthage/Build/iOS/NohanaImagePicker.framework",
			);
			runOnlyForDeploymentPostprocessing = 0;
			shellPath = /bin/sh;
			shellScript = "# Type a script or drag a script file from your workspace to insert its path.\n/usr/local/bin/carthage copy-frameworks\n";
		};
/* End PBXShellScriptBuildPhase section */

/* Begin PBXSourcesBuildPhase section */
		5C1062592274AF0B00D8ECB7 /* Sources */ = {
			isa = PBXSourcesBuildPhase;
			buildActionMask = 2147483647;
			files = (
				5C5C177B229AE1EE0055A0CC /* SnapsResponse.swift in Sources */,
				5CB640682280C9D300CE37FF /* LoginViewController.swift in Sources */,
				5C06BCA122B04D9500DB0578 /* UIRoundedCornersButton.swift in Sources */,
				5C82D38722AF04A3004C7682 /* JobStatusRequest.swift in Sources */,
				5C575562228979D60047DDEC /* LoginSuccess.swift in Sources */,
				5C575565228979D60047DDEC /* JobTrip.swift in Sources */,
				5C0090BA22900C0200C65C52 /* JobDetailViewController.swift in Sources */,
				5C575567228984470047DDEC /* JobTableViewCell.swift in Sources */,
				5C5C177F229B48D90055A0CC /* StatusResponse.swift in Sources */,
				5CE0B4C922A425CF00A532E6 /* MapViewController.swift in Sources */,
				5C575563228979D60047DDEC /* JobResponse.swift in Sources */,
				5C575561228979D60047DDEC /* LoginResponse.swift in Sources */,
				5C57554D228978DB0047DDEC /* LoginRequest.swift in Sources */,
				5C396BE22291DA7D000B7E0B /* SnapCellDataSource.swift in Sources */,
				5C396BDE2291CF0B000B7E0B /* SnapsViewController.swift in Sources */,
				5C5C177D229AE2120055A0CC /* SnapsSuccess.swift in Sources */,
				5C57556A228989740047DDEC /* JobCellDataSource.swift in Sources */,
				5C575564228979D60047DDEC /* TripStop.swift in Sources */,
				5C1062612274AF0B00D8ECB7 /* AppDelegate.swift in Sources */,
				5CE0B4CC22A446AC00A532E6 /* CarDetailTableViewController.swift in Sources */,
				5C81A9AC2279C510007A1282 /* MainViewController.swift in Sources */,
				5C5349B522B1A23D00D2A238 /* CreateReceiptTableViewController.swift in Sources */,
				5C1062752274ECF300D8ECB7 /* InvoiceViewController.swift in Sources */,
				5C396BE62291E3F3000B7E0B /* InvoiceEntry.swift in Sources */,
				5C396BE42291E3BC000B7E0B /* InvoiceResponse.swift in Sources */,
				5C396BE02291CF35000B7E0B /* SnapCollectionViewCell.swift in Sources */,
				5C1062632274AF0B00D8ECB7 /* JobViewController.swift in Sources */,
			);
			runOnlyForDeploymentPostprocessing = 0;
		};
/* End PBXSourcesBuildPhase section */

/* Begin PBXVariantGroup section */
		5C1062662274AF0B00D8ECB7 /* Main.storyboard */ = {
			isa = PBXVariantGroup;
			children = (
				5C1062672274AF0B00D8ECB7 /* Base */,
			);
			name = Main.storyboard;
			sourceTree = "<group>";
		};
		5C10626B2274AF0D00D8ECB7 /* LaunchScreen.storyboard */ = {
			isa = PBXVariantGroup;
			children = (
				5C10626C2274AF0D00D8ECB7 /* Base */,
			);
			name = LaunchScreen.storyboard;
			sourceTree = "<group>";
		};
/* End PBXVariantGroup section */

/* Begin XCBuildConfiguration section */
		5C10626F2274AF0D00D8ECB7 /* Debug */ = {
			isa = XCBuildConfiguration;
			buildSettings = {
				ALWAYS_SEARCH_USER_PATHS = NO;
				CLANG_ANALYZER_NONNULL = YES;
				CLANG_ANALYZER_NUMBER_OBJECT_CONVERSION = YES_AGGRESSIVE;
				CLANG_CXX_LANGUAGE_STANDARD = "gnu++14";
				CLANG_CXX_LIBRARY = "libc++";
				CLANG_ENABLE_MODULES = YES;
				CLANG_ENABLE_OBJC_ARC = YES;
				CLANG_ENABLE_OBJC_WEAK = YES;
				CLANG_WARN_BLOCK_CAPTURE_AUTORELEASING = YES;
				CLANG_WARN_BOOL_CONVERSION = YES;
				CLANG_WARN_COMMA = YES;
				CLANG_WARN_CONSTANT_CONVERSION = YES;
				CLANG_WARN_DEPRECATED_OBJC_IMPLEMENTATIONS = YES;
				CLANG_WARN_DIRECT_OBJC_ISA_USAGE = YES_ERROR;
				CLANG_WARN_DOCUMENTATION_COMMENTS = YES;
				CLANG_WARN_EMPTY_BODY = YES;
				CLANG_WARN_ENUM_CONVERSION = YES;
				CLANG_WARN_INFINITE_RECURSION = YES;
				CLANG_WARN_INT_CONVERSION = YES;
				CLANG_WARN_NON_LITERAL_NULL_CONVERSION = YES;
				CLANG_WARN_OBJC_IMPLICIT_RETAIN_SELF = YES;
				CLANG_WARN_OBJC_LITERAL_CONVERSION = YES;
				CLANG_WARN_OBJC_ROOT_CLASS = YES_ERROR;
				CLANG_WARN_RANGE_LOOP_ANALYSIS = YES;
				CLANG_WARN_STRICT_PROTOTYPES = YES;
				CLANG_WARN_SUSPICIOUS_MOVE = YES;
				CLANG_WARN_UNGUARDED_AVAILABILITY = YES_AGGRESSIVE;
				CLANG_WARN_UNREACHABLE_CODE = YES;
				CLANG_WARN__DUPLICATE_METHOD_MATCH = YES;
				CODE_SIGN_IDENTITY = "iPhone Developer";
				COPY_PHASE_STRIP = NO;
				DEBUG_INFORMATION_FORMAT = dwarf;
				ENABLE_STRICT_OBJC_MSGSEND = YES;
				ENABLE_TESTABILITY = YES;
				GCC_C_LANGUAGE_STANDARD = gnu11;
				GCC_DYNAMIC_NO_PIC = NO;
				GCC_NO_COMMON_BLOCKS = YES;
				GCC_OPTIMIZATION_LEVEL = 0;
				GCC_PREPROCESSOR_DEFINITIONS = (
					"DEBUG=1",
					"$(inherited)",
				);
				GCC_WARN_64_TO_32_BIT_CONVERSION = YES;
				GCC_WARN_ABOUT_RETURN_TYPE = YES_ERROR;
				GCC_WARN_UNDECLARED_SELECTOR = YES;
				GCC_WARN_UNINITIALIZED_AUTOS = YES_AGGRESSIVE;
				GCC_WARN_UNUSED_FUNCTION = YES;
				GCC_WARN_UNUSED_VARIABLE = YES;
				IPHONEOS_DEPLOYMENT_TARGET = 8.0;
				MTL_ENABLE_DEBUG_INFO = INCLUDE_SOURCE;
				MTL_FAST_MATH = YES;
				ONLY_ACTIVE_ARCH = YES;
				SDKROOT = iphoneos;
				SWIFT_ACTIVE_COMPILATION_CONDITIONS = DEBUG;
				SWIFT_OPTIMIZATION_LEVEL = "-Onone";
			};
			name = Debug;
		};
		5C1062702274AF0D00D8ECB7 /* Release */ = {
			isa = XCBuildConfiguration;
			buildSettings = {
				ALWAYS_SEARCH_USER_PATHS = NO;
				CLANG_ANALYZER_NONNULL = YES;
				CLANG_ANALYZER_NUMBER_OBJECT_CONVERSION = YES_AGGRESSIVE;
				CLANG_CXX_LANGUAGE_STANDARD = "gnu++14";
				CLANG_CXX_LIBRARY = "libc++";
				CLANG_ENABLE_MODULES = YES;
				CLANG_ENABLE_OBJC_ARC = YES;
				CLANG_ENABLE_OBJC_WEAK = YES;
				CLANG_WARN_BLOCK_CAPTURE_AUTORELEASING = YES;
				CLANG_WARN_BOOL_CONVERSION = YES;
				CLANG_WARN_COMMA = YES;
				CLANG_WARN_CONSTANT_CONVERSION = YES;
				CLANG_WARN_DEPRECATED_OBJC_IMPLEMENTATIONS = YES;
				CLANG_WARN_DIRECT_OBJC_ISA_USAGE = YES_ERROR;
				CLANG_WARN_DOCUMENTATION_COMMENTS = YES;
				CLANG_WARN_EMPTY_BODY = YES;
				CLANG_WARN_ENUM_CONVERSION = YES;
				CLANG_WARN_INFINITE_RECURSION = YES;
				CLANG_WARN_INT_CONVERSION = YES;
				CLANG_WARN_NON_LITERAL_NULL_CONVERSION = YES;
				CLANG_WARN_OBJC_IMPLICIT_RETAIN_SELF = YES;
				CLANG_WARN_OBJC_LITERAL_CONVERSION = YES;
				CLANG_WARN_OBJC_ROOT_CLASS = YES_ERROR;
				CLANG_WARN_RANGE_LOOP_ANALYSIS = YES;
				CLANG_WARN_STRICT_PROTOTYPES = YES;
				CLANG_WARN_SUSPICIOUS_MOVE = YES;
				CLANG_WARN_UNGUARDED_AVAILABILITY = YES_AGGRESSIVE;
				CLANG_WARN_UNREACHABLE_CODE = YES;
				CLANG_WARN__DUPLICATE_METHOD_MATCH = YES;
				CODE_SIGN_IDENTITY = "iPhone Developer";
				COPY_PHASE_STRIP = NO;
				DEBUG_INFORMATION_FORMAT = "dwarf-with-dsym";
				ENABLE_NS_ASSERTIONS = NO;
				ENABLE_STRICT_OBJC_MSGSEND = YES;
				GCC_C_LANGUAGE_STANDARD = gnu11;
				GCC_NO_COMMON_BLOCKS = YES;
				GCC_WARN_64_TO_32_BIT_CONVERSION = YES;
				GCC_WARN_ABOUT_RETURN_TYPE = YES_ERROR;
				GCC_WARN_UNDECLARED_SELECTOR = YES;
				GCC_WARN_UNINITIALIZED_AUTOS = YES_AGGRESSIVE;
				GCC_WARN_UNUSED_FUNCTION = YES;
				GCC_WARN_UNUSED_VARIABLE = YES;
				IPHONEOS_DEPLOYMENT_TARGET = 8.0;
				MTL_ENABLE_DEBUG_INFO = NO;
				MTL_FAST_MATH = YES;
				SDKROOT = iphoneos;
				SWIFT_OPTIMIZATION_LEVEL = "-Owholemodule";
				VALIDATE_PRODUCT = YES;
			};
			name = Release;
		};
		5C1062722274AF0D00D8ECB7 /* Debug */ = {
			isa = XCBuildConfiguration;
			buildSettings = {
				ASSETCATALOG_COMPILER_APPICON_NAME = AppIcon;
				CODE_SIGN_STYLE = Automatic;
				DEVELOPMENT_TEAM = NX546C9Y7X;
				FRAMEWORK_SEARCH_PATHS = (
					"$(inherited)",
					"$(PROJECT_DIR)/Carthage/Build/iOS",
					"$(PROJECT_DIR)",
				);
				INFOPLIST_FILE = Rent24/Info.plist;
				IPHONEOS_DEPLOYMENT_TARGET = 8.0;
				LD_RUNPATH_SEARCH_PATHS = "$(inherited) @executable_path/Frameworks";
				OTHER_LDFLAGS = (
					"$(OTHER_LDFLAGS)",
					"-ObjC",
				);
				PRODUCT_BUNDLE_IDENTIFIER = com.rent24.driver.Rent24;
				PRODUCT_NAME = "$(TARGET_NAME)";
				SWIFT_VERSION = 5.0;
				TARGETED_DEVICE_FAMILY = 1;
			};
			name = Debug;
		};
		5C1062732274AF0D00D8ECB7 /* Release */ = {
			isa = XCBuildConfiguration;
			buildSettings = {
				ASSETCATALOG_COMPILER_APPICON_NAME = AppIcon;
				CODE_SIGN_STYLE = Automatic;
				DEVELOPMENT_TEAM = NX546C9Y7X;
				FRAMEWORK_SEARCH_PATHS = (
					"$(inherited)",
					"$(PROJECT_DIR)/Carthage/Build/iOS",
					"$(PROJECT_DIR)",
				);
				INFOPLIST_FILE = Rent24/Info.plist;
				IPHONEOS_DEPLOYMENT_TARGET = 8.0;
				LD_RUNPATH_SEARCH_PATHS = "$(inherited) @executable_path/Frameworks";
				OTHER_LDFLAGS = (
					"$(OTHER_LDFLAGS)",
					"-ObjC",
				);
				PRODUCT_BUNDLE_IDENTIFIER = com.rent24.driver.Rent24;
				PRODUCT_NAME = "$(TARGET_NAME)";
				SWIFT_VERSION = 5.0;
				TARGETED_DEVICE_FAMILY = 1;
			};
			name = Release;
		};
/* End XCBuildConfiguration section */

/* Begin XCConfigurationList section */
		5C1062582274AF0A00D8ECB7 /* Build configuration list for PBXProject "Rent24" */ = {
			isa = XCConfigurationList;
			buildConfigurations = (
				5C10626F2274AF0D00D8ECB7 /* Debug */,
				5C1062702274AF0D00D8ECB7 /* Release */,
			);
			defaultConfigurationIsVisible = 0;
			defaultConfigurationName = Release;
		};
		5C1062712274AF0D00D8ECB7 /* Build configuration list for PBXNativeTarget "Rent24" */ = {
			isa = XCConfigurationList;
			buildConfigurations = (
				5C1062722274AF0D00D8ECB7 /* Debug */,
				5C1062732274AF0D00D8ECB7 /* Release */,
			);
			defaultConfigurationIsVisible = 0;
			defaultConfigurationName = Release;
		};
/* End XCConfigurationList section */
	};
	rootObject = 5C1062552274AF0A00D8ECB7 /* Project object */;
}
